
Microsoft Visual Studio Solution File, Format Version 12.00
# Visual Studio Version 17
VisualStudioVersion = 17.14.36327.8 d17.14
MinimumVisualStudioVersion = 10.0.40219.1
Project("{8BC9CEB8-8B4A-11D0-8D11-00A0C91BC942}") = "5-3ProjectTwo(AIRGEADBANKING)", "5-3ProjectTwo(AIRGEADBANKING).vcxproj", "{57EBB0D4-D5AC-4868-8707-23D8BC796C12}"
EndProject
Global
	GlobalSection(SolutionConfigurationPlatforms) = preSolution
		Debug|x64 = Debug|x64
		Debug|x86 = Debug|x86
		Release|x64 = Release|x64
		Release|x86 = Release|x86
	EndGlobalSection
	GlobalSection(ProjectConfigurationPlatforms) = postSolution
		{57EBB0D4-D5AC-4868-8707-23D8BC796C12}.Debug|x64.ActiveCfg = Debug|x64
		{57EBB0D4-D5AC-4868-8707-23D8BC796C12}.Debug|x64.Build.0 = Debug|x64
		{57EBB0D4-D5AC-4868-8707-23D8BC796C12}.Debug|x86.ActiveCfg = Debug|Win32
		{57EBB0D4-D5AC-4868-8707-23D8BC796C12}.Debug|x86.Build.0 = Debug|Win32
		{57EBB0D4-D5AC-4868-8707-23D8BC796C12}.Release|x64.ActiveCfg = Release|x64
		{57EBB0D4-D5AC-4868-8707-23D8BC796C12}.Release|x64.Build.0 = Release|x64
		{57EBB0D4-D5AC-4868-8707-23D8BC796C12}.Release|x86.ActiveCfg = Release|Win32
		{57EBB0D4-D5AC-4868-8707-23D8BC796C12}.Release|x86.Build.0 = Release|Win32
	EndGlobalSection
	GlobalSection(SolutionProperties) = preSolution
		HideSolutionNode = FALSE
	EndGlobalSection
	GlobalSection(ExtensibilityGlobals) = postSolution
		SolutionGuid = {99A4EB41-73C6-493E-A36E-260FEEEE7184}
	EndGlobalSection
EndGlobal
